// !$*UTF8*$!
{
	archiveVersion = 1;
	classes = {
	};
	objectVersion = 46;
	objects = {

/* Begin PBXBuildFile section */
		690CFC381E0549CC00E247F2 /* NewViewController.swift in Sources */ = {isa = PBXBuildFile; fileRef = 690CFC371E0549CC00E247F2 /* NewViewController.swift */; };
		69A7E7D31E03C1B9009D5AF8 /* AppDelegate.swift in Sources */ = {isa = PBXBuildFile; fileRef = 69A7E7D21E03C1B9009D5AF8 /* AppDelegate.swift */; };
		69A7E7D51E03C1B9009D5AF8 /* ViewController.swift in Sources */ = {isa = PBXBuildFile; fileRef = 69A7E7D41E03C1B9009D5AF8 /* ViewController.swift */; };
		69A7E7D81E03C1B9009D5AF8 /* Main.storyboard in Resources */ = {isa = PBXBuildFile; fileRef = 69A7E7D61E03C1B9009D5AF8 /* Main.storyboard */; };
		69A7E7DA1E03C1B9009D5AF8 /* Assets.xcassets in Resources */ = {isa = PBXBuildFile; fileRef = 69A7E7D91E03C1B9009D5AF8 /* Assets.xcassets */; };
		69A7E7DD1E03C1B9009D5AF8 /* LaunchScreen.storyboard in Resources */ = {isa = PBXBuildFile; fileRef = 69A7E7DB1E03C1B9009D5AF8 /* LaunchScreen.storyboard */; };
		69A7E7E81E03C1B9009D5AF8 /* NoConnectionTests.swift in Sources */ = {isa = PBXBuildFile; fileRef = 69A7E7E71E03C1B9009D5AF8 /* NoConnectionTests.swift */; };
		69A7E7F31E03C1B9009D5AF8 /* NoConnectionUITests.swift in Sources */ = {isa = PBXBuildFile; fileRef = 69A7E7F21E03C1B9009D5AF8 /* NoConnectionUITests.swift */; };
/* End PBXBuildFile section */

/* Begin PBXContainerItemProxy section */
		69A7E7E41E03C1B9009D5AF8 /* PBXContainerItemProxy */ = {
			isa = PBXContainerItemProxy;
			containerPortal = 69A7E7C71E03C1B9009D5AF8 /* Project object */;
			proxyType = 1;
			remoteGlobalIDString = 69A7E7CE1E03C1B9009D5AF8;
			remoteInfo = NoConnection;
		};
		69A7E7EF1E03C1B9009D5AF8 /* PBXContainerItemProxy */ = {
			isa = PBXContainerItemProxy;
			containerPortal = 69A7E7C71E03C1B9009D5AF8 /* Project object */;
			proxyType = 1;
			remoteGlobalIDString = 69A7E7CE1E03C1B9009D5AF8;
			remoteInfo = NoConnection;
		};
/* End PBXContainerItemProxy section */

/* Begin PBXFileReference section */
		690CFC371E0549CC00E247F2 /* NewViewController.swift */ = {isa = PBXFileReference; fileEncoding = 4; lastKnownFileType = sourcecode.swift; path = NewViewController.swift; sourceTree = "<group>"; };
		69A7E7CF1E03C1B9009D5AF8 /* NoConnection.app */ = {isa = PBXFileReference; explicitFileType = wrapper.application; includeInIndex = 0; path = NoConnection.app; sourceTree = BUILT_PRODUCTS_DIR; };
		69A7E7D21E03C1B9009D5AF8 /* AppDelegate.swift */ = {isa = PBXFileReference; lastKnownFileType = sourcecode.swift; path = AppDelegate.swift; sourceTree = "<group>"; };
		69A7E7D41E03C1B9009D5AF8 /* ViewController.swift */ = {isa = PBXFileReference; lastKnownFileType = sourcecode.swift; path = ViewController.swift; sourceTree = "<group>"; };
		69A7E7D71E03C1B9009D5AF8 /* Base */ = {isa = PBXFileReference; lastKnownFileType = file.storyboard; name = Base; path = Base.lproj/Main.storyboard; sourceTree = "<group>"; };
		69A7E7D91E03C1B9009D5AF8 /* Assets.xcassets */ = {isa = PBXFileReference; lastKnownFileType = folder.assetcatalog; path = Assets.xcassets; sourceTree = "<group>"; };
		69A7E7DC1E03C1B9009D5AF8 /* Base */ = {isa = PBXFileReference; lastKnownFileType = file.storyboard; name = Base; path = Base.lproj/LaunchScreen.storyboard; sourceTree = "<group>"; };
		69A7E7DE1E03C1B9009D5AF8 /* Info.plist */ = {isa = PBXFileReference; lastKnownFileType = text.plist.xml; path = Info.plist; sourceTree = "<group>"; };
		69A7E7E31E03C1B9009D5AF8 /* NoConnectionTests.xctest */ = {isa = PBXFileReference; explicitFileType = wrapper.cfbundle; includeInIndex = 0; path = NoConnectionTests.xctest; sourceTree = BUILT_PRODUCTS_DIR; };
		69A7E7E71E03C1B9009D5AF8 /* NoConnectionTests.swift */ = {isa = PBXFileReference; lastKnownFileType = sourcecode.swift; path = NoConnectionTests.swift; sourceTree = "<group>"; };
		69A7E7E91E03C1B9009D5AF8 /* Info.plist */ = {isa = PBXFileReference; lastKnownFileType = text.plist.xml; path = Info.plist; sourceTree = "<group>"; };
		69A7E7EE1E03C1B9009D5AF8 /* NoConnectionUITests.xctest */ = {isa = PBXFileReference; explicitFileType = wrapper.cfbundle; includeInIndex = 0; path = NoConnectionUITests.xctest; sourceTree = BUILT_PRODUCTS_DIR; };
		69A7E7F21E03C1B9009D5AF8 /* NoConnectionUITests.swift */ = {isa = PBXFileReference; lastKnownFileType = sourcecode.swift; path = NoConnectionUITests.swift; sourceTree = "<group>"; };
		69A7E7F41E03C1B9009D5AF8 /* Info.plist */ = {isa = PBXFileReference; lastKnownFileType = text.plist.xml; path = Info.plist; sourceTree = "<group>"; };
/* End PBXFileReference section */

/* Begin PBXFrameworksBuildPhase section */
		69A7E7CC1E03C1B9009D5AF8 /* Frameworks */ = {
			isa = PBXFrameworksBuildPhase;
			buildActionMask = 2147483647;
			files = (
			);
			runOnlyForDeploymentPostprocessing = 0;
		};
		69A7E7E01E03C1B9009D5AF8 /* Frameworks */ = {
			isa = PBXFrameworksBuildPhase;
			buildActionMask = 2147483647;
			files = (
			);
			runOnlyForDeploymentPostprocessing = 0;
		};
		69A7E7EB1E03C1B9009D5AF8 /* Frameworks */ = {
			isa = PBXFrameworksBuildPhase;
			buildActionMask = 2147483647;
			files = (
			);
			runOnlyForDeploymentPostprocessing = 0;
		};
/* End PBXFrameworksBuildPhase section */

/* Begin PBXGroup section */
		69A7E7C61E03C1B9009D5AF8 = {
			isa = PBXGroup;
			children = (
				69A7E7D11E03C1B9009D5AF8 /* NoConnection */,
				69A7E7E61E03C1B9009D5AF8 /* NoConnectionTests */,
				69A7E7F11E03C1B9009D5AF8 /* NoConnectionUITests */,
				69A7E7D01E03C1B9009D5AF8 /* Products */,
			);
			sourceTree = "<group>";
		};
		69A7E7D01E03C1B9009D5AF8 /* Products */ = {
			isa = PBXGroup;
			children = (
				69A7E7CF1E03C1B9009D5AF8 /* NoConnection.app */,
				69A7E7E31E03C1B9009D5AF8 /* NoConnectionTests.xctest */,
				69A7E7EE1E03C1B9009D5AF8 /* NoConnectionUITests.xctest */,
			);
			name = Products;
			sourceTree = "<group>";
		};
		69A7E7D11E03C1B9009D5AF8 /* NoConnection */ = {
			isa = PBXGroup;
			children = (
				69A7E7D21E03C1B9009D5AF8 /* AppDelegate.swift */,
				69A7E7D41E03C1B9009D5AF8 /* ViewController.swift */,
				69A7E7D61E03C1B9009D5AF8 /* Main.storyboard */,
				69A7E7D91E03C1B9009D5AF8 /* Assets.xcassets */,
				69A7E7DB1E03C1B9009D5AF8 /* LaunchScreen.storyboard */,
				69A7E7DE1E03C1B9009D5AF8 /* Info.plist */,
				690CFC371E0549CC00E247F2 /* NewViewController.swift */,
			);
			path = NoConnection;
			sourceTree = "<group>";
		};
		69A7E7E61E03C1B9009D5AF8 /* NoConnectionTests */ = {
			isa = PBXGroup;
			children = (
				69A7E7E71E03C1B9009D5AF8 /* NoConnectionTests.swift */,
				69A7E7E91E03C1B9009D5AF8 /* Info.plist */,
			);
			path = NoConnectionTests;
			sourceTree = "<group>";
		};
		69A7E7F11E03C1B9009D5AF8 /* NoConnectionUITests */ = {
			isa = PBXGroup;
			children = (
				69A7E7F21E03C1B9009D5AF8 /* NoConnectionUITests.swift */,
				69A7E7F41E03C1B9009D5AF8 /* Info.plist */,
			);
			path = NoConnectionUITests;
			sourceTree = "<group>";
		};
/* End PBXGroup section */

/* Begin PBXNativeTarget section */
		69A7E7CE1E03C1B9009D5AF8 /* NoConnection */ = {
			isa = PBXNativeTarget;
			buildConfigurationList = 69A7E7F71E03C1B9009D5AF8 /* Build configuration list for PBXNativeTarget "NoConnection" */;
			buildPhases = (
				69A7E7CB1E03C1B9009D5AF8 /* Sources */,
				69A7E7CC1E03C1B9009D5AF8 /* Frameworks */,
				69A7E7CD1E03C1B9009D5AF8 /* Resources */,
			);
			buildRules = (
			);
			dependencies = (
			);
			name = NoConnection;
			productName = NoConnection;
			productReference = 69A7E7CF1E03C1B9009D5AF8 /* NoConnection.app */;
			productType = "com.apple.product-type.application";
		};
		69A7E7E21E03C1B9009D5AF8 /* NoConnectionTests */ = {
			isa = PBXNativeTarget;
			buildConfigurationList = 69A7E7FA1E03C1B9009D5AF8 /* Build configuration list for PBXNativeTarget "NoConnectionTests" */;
			buildPhases = (
				69A7E7DF1E03C1B9009D5AF8 /* Sources */,
				69A7E7E01E03C1B9009D5AF8 /* Frameworks */,
				69A7E7E11E03C1B9009D5AF8 /* Resources */,
			);
			buildRules = (
			);
			dependencies = (
				69A7E7E51E03C1B9009D5AF8 /* PBXTargetDependency */,
			);
			name = NoConnectionTests;
			productName = NoConnectionTests;
			productReference = 69A7E7E31E03C1B9009D5AF8 /* NoConnectionTests.xctest */;
			productType = "com.apple.product-type.bundle.unit-test";
		};
		69A7E7ED1E03C1B9009D5AF8 /* NoConnectionUITests */ = {
			isa = PBXNativeTarget;
			buildConfigurationList = 69A7E7FD1E03C1B9009D5AF8 /* Build configuration list for PBXNativeTarget "NoConnectionUITests" */;
			buildPhases = (
				69A7E7EA1E03C1B9009D5AF8 /* Sources */,
				69A7E7EB1E03C1B9009D5AF8 /* Frameworks */,
				69A7E7EC1E03C1B9009D5AF8 /* Resources */,
			);
			buildRules = (
			);
			dependencies = (
				69A7E7F01E03C1B9009D5AF8 /* PBXTargetDependency */,
			);
			name = NoConnectionUITests;
			productName = NoConnectionUITests;
			productReference = 69A7E7EE1E03C1B9009D5AF8 /* NoConnectionUITests.xctest */;
			productType = "com.apple.product-type.bundle.ui-testing";
		};
/* End PBXNativeTarget section */

/* Begin PBXProject section */
		69A7E7C71E03C1B9009D5AF8 /* Project object */ = {
			isa = PBXProject;
			attributes = {
				LastSwiftUpdateCheck = 0800;
				LastUpgradeCheck = 0800;
				ORGANIZATIONNAME = "TPCG II";
				TargetAttributes = {
					69A7E7CE1E03C1B9009D5AF8 = {
						CreatedOnToolsVersion = 8.0;
						ProvisioningStyle = Automatic;
					};
					69A7E7E21E03C1B9009D5AF8 = {
						CreatedOnToolsVersion = 8.0;
						ProvisioningStyle = Automatic;
						TestTargetID = 69A7E7CE1E03C1B9009D5AF8;
					};
					69A7E7ED1E03C1B9009D5AF8 = {
						CreatedOnToolsVersion = 8.0;
						ProvisioningStyle = Automatic;
						TestTargetID = 69A7E7CE1E03C1B9009D5AF8;
					};
				};
			};
			buildConfigurationList = 69A7E7CA1E03C1B9009D5AF8 /* Build configuration list for PBXProject "NoConnection" */;
			compatibilityVersion = "Xcode 3.2";
			developmentRegion = English;
			hasScannedForEncodings = 0;
			knownRegions = (
				en,
				Base,
			);
			mainGroup = 69A7E7C61E03C1B9009D5AF8;
			productRefGroup = 69A7E7D01E03C1B9009D5AF8 /* Products */;
			projectDirPath = "";
			projectRoot = "";
			targets = (
				69A7E7CE1E03C1B9009D5AF8 /* NoConnection */,
				69A7E7E21E03C1B9009D5AF8 /* NoConnectionTests */,
				69A7E7ED1E03C1B9009D5AF8 /* NoConnectionUITests */,
			);
		};
/* End PBXProject section */

/* Begin PBXResourcesBuildPhase section */
		69A7E7CD1E03C1B9009D5AF8 /* Resources */ = {
			isa = PBXResourcesBuildPhase;
			buildActionMask = 2147483647;
			files = (
				69A7E7DD1E03C1B9009D5AF8 /* LaunchScreen.storyboard in Resources */,
				69A7E7DA1E03C1B9009D5AF8 /* Assets.xcassets in Resources */,
				69A7E7D81E03C1B9009D5AF8 /* Main.storyboard in Resources */,
			);
			runOnlyForDeploymentPostprocessing = 0;
		};
		69A7E7E11E03C1B9009D5AF8 /* Resources */ = {
			isa = PBXResourcesBuildPhase;
			buildActionMask = 2147483647;
			files = (
			);
			runOnlyForDeploymentPostprocessing = 0;
		};
		69A7E7EC1E03C1B9009D5AF8 /* Resources */ = {
			isa = PBXResourcesBuildPhase;
			buildActionMask = 2147483647;
			files = (
			);
			runOnlyForDeploymentPostprocessing = 0;
		};
/* End PBXResourcesBuildPhase section */

/* Begin PBXSourcesBuildPhase section */
		69A7E7CB1E03C1B9009D5AF8 /* Sources */ = {
			isa = PBXSourcesBuildPhase;
			buildActionMask = 2147483647;
			files = (
				690CFC381E0549CC00E247F2 /* NewViewController.swift in Sources */,
				69A7E7D51E03C1B9009D5AF8 /* ViewController.swift in Sources */,
				69A7E7D31E03C1B9009D5AF8 /* AppDelegate.swift in Sources */,
			);
			runOnlyForDeploymentPostprocessing = 0;
		};
		69A7E7DF1E03C1B9009D5AF8 /* Sources */ = {
			isa = PBXSourcesBuildPhase;
			buildActionMask = 2147483647;
			files = (
				69A7E7E81E03C1B9009D5AF8 /* NoConnectionTests.swift in Sources */,
			);
			runOnlyForDeploymentPostprocessing = 0;
		};
		69A7E7EA1E03C1B9009D5AF8 /* Sources */ = {
			isa = PBXSourcesBuildPhase;
			buildActionMask = 2147483647;
			files = (
				69A7E7F31E03C1B9009D5AF8 /* NoConnectionUITests.swift in Sources */,
			);
			runOnlyForDeploymentPostprocessing = 0;
		};
/* End PBXSourcesBuildPhase section */

/* Begin PBXTargetDependency section */
		69A7E7E51E03C1B9009D5AF8 /* PBXTargetDependency */ = {
			isa = PBXTargetDependency;
			target = 69A7E7CE1E03C1B9009D5AF8 /* NoConnection */;
			targetProxy = 69A7E7E41E03C1B9009D5AF8 /* PBXContainerItemProxy */;
		};
		69A7E7F01E03C1B9009D5AF8 /* PBXTargetDependency */ = {
			isa = PBXTargetDependency;
			target = 69A7E7CE1E03C1B9009D5AF8 /* NoConnection */;
			targetProxy = 69A7E7EF1E03C1B9009D5AF8 /* PBXContainerItemProxy */;
		};
/* End PBXTargetDependency section */

/* Begin PBXVariantGroup section */
		69A7E7D61E03C1B9009D5AF8 /* Main.storyboard */ = {
			isa = PBXVariantGroup;
			children = (
				69A7E7D71E03C1B9009D5AF8 /* Base */,
			);
			name = Main.storyboard;
			sourceTree = "<group>";
		};
		69A7E7DB1E03C1B9009D5AF8 /* LaunchScreen.storyboard */ = {
			isa = PBXVariantGroup;
			children = (
				69A7E7DC1E03C1B9009D5AF8 /* Base */,
			);
			name = LaunchScreen.storyboard;
			sourceTree = "<group>";
		};
/* End PBXVariantGroup section */

/* Begin XCBuildConfiguration section */
		69A7E7F51E03C1B9009D5AF8 /* Debug */ = {
			isa = XCBuildConfiguration;
			buildSettings = {
				ALWAYS_SEARCH_USER_PATHS = NO;
				CLANG_ANALYZER_NONNULL = YES;
				CLANG_CXX_LANGUAGE_STANDARD = "gnu++0x";
				CLANG_CXX_LIBRARY = "libc++";
				CLANG_ENABLE_MODULES = YES;
				CLANG_ENABLE_OBJC_ARC = YES;
				CLANG_WARN_BOOL_CONVERSION = YES;
				CLANG_WARN_CONSTANT_CONVERSION = YES;
				CLANG_WARN_DIRECT_OBJC_ISA_USAGE = YES_ERROR;
				CLANG_WARN_DOCUMENTATION_COMMENTS = YES;
				CLANG_WARN_EMPTY_BODY = YES;
				CLANG_WARN_ENUM_CONVERSION = YES;
				CLANG_WARN_INFINITE_RECURSION = YES;
				CLANG_WARN_INT_CONVERSION = YES;
				CLANG_WARN_OBJC_ROOT_CLASS = YES_ERROR;
				CLANG_WARN_SUSPICIOUS_MOVES = YES;
				CLANG_WARN_UNREACHABLE_CODE = YES;
				CLANG_WARN__DUPLICATE_METHOD_MATCH = YES;
				"CODE_SIGN_IDENTITY[sdk=iphoneos*]" = "iPhone Developer";
				COPY_PHASE_STRIP = NO;
				DEBUG_INFORMATION_FORMAT = dwarf;
				ENABLE_STRICT_OBJC_MSGSEND = YES;
				ENABLE_TESTABILITY = YES;
				GCC_C_LANGUAGE_STANDARD = gnu99;
				GCC_DYNAMIC_NO_PIC = NO;
				GCC_NO_COMMON_BLOCKS = YES;
				GCC_OPTIMIZATION_LEVEL = 0;
				GCC_PREPROCESSOR_DEFINITIONS = (
					"DEBUG=1",
					"$(inherited)",
				);
				GCC_WARN_64_TO_32_BIT_CONVERSION = YES;
				GCC_WARN_ABOUT_RETURN_TYPE = YES_ERROR;
				GCC_WARN_UNDECLARED_SELECTOR = YES;
				GCC_WARN_UNINITIALIZED_AUTOS = YES_AGGRESSIVE;
				GCC_WARN_UNUSED_FUNCTION = YES;
				GCC_WARN_UNUSED_VARIABLE = YES;
				IPHONEOS_DEPLOYMENT_TARGET = 10.0;
				MTL_ENABLE_DEBUG_INFO = YES;
				ONLY_ACTIVE_ARCH = YES;
				SDKROOT = iphoneos;
				SWIFT_ACTIVE_COMPILATION_CONDITIONS = DEBUG;
				SWIFT_OPTIMIZATION_LEVEL = "-Onone";
				TARGETED_DEVICE_FAMILY = "1,2";
			};
			name = Debug;
		};
		69A7E7F61E03C1B9009D5AF8 /* Release */ = {
			isa = XCBuildConfiguration;
			buildSettings = {
				ALWAYS_SEARCH_USER_PATHS = NO;
				CLANG_ANALYZER_NONNULL = YES;
				CLANG_CXX_LANGUAGE_STANDARD = "gnu++0x";
				CLANG_CXX_LIBRARY = "libc++";
				CLANG_ENABLE_MODULES = YES;
				CLANG_ENABLE_OBJC_ARC = YES;
				CLANG_WARN_BOOL_CONVERSION = YES;
				CLANG_WARN_CONSTANT_CONVERSION = YES;
				CLANG_WARN_DIRECT_OBJC_ISA_USAGE = YES_ERROR;
				CLANG_WARN_DOCUMENTATION_COMMENTS = YES;
				CLANG_WARN_EMPTY_BODY = YES;
				CLANG_WARN_ENUM_CONVERSION = YES;
				CLANG_WARN_INFINITE_RECURSION = YES;
				CLANG_WARN_INT_CONVERSION = YES;
				CLANG_WARN_OBJC_ROOT_CLASS = YES_ERROR;
				CLANG_WARN_SUSPICIOUS_MOVES = YES;
				CLANG_WARN_UNREACHABLE_CODE = YES;
				CLANG_WARN__DUPLICATE_METHOD_MATCH = YES;
				"CODE_SIGN_IDENTITY[sdk=iphoneos*]" = "iPhone Developer";
				COPY_PHASE_STRIP = NO;
				DEBUG_INFORMATION_FORMAT = "dwarf-with-dsym";
				ENABLE_NS_ASSERTIONS = NO;
				ENABLE_STRICT_OBJC_MSGSEND = YES;
				GCC_C_LANGUAGE_STANDARD = gnu99;
				GCC_NO_COMMON_BLOCKS = YES;
				GCC_WARN_64_TO_32_BIT_CONVERSION = YES;
				GCC_WARN_ABOUT_RETURN_TYPE = YES_ERROR;
				GCC_WARN_UNDECLARED_SELECTOR = YES;
				GCC_WARN_UNINITIALIZED_AUTOS = YES_AGGRESSIVE;
				GCC_WARN_UNUSED_FUNCTION = YES;
				GCC_WARN_UNUSED_VARIABLE = YES;
				IPHONEOS_DEPLOYMENT_TARGET = 10.0;
				MTL_ENABLE_DEBUG_INFO = NO;
				SDKROOT = iphoneos;
				SWIFT_OPTIMIZATION_LEVEL = "-Owholemodule";
				TARGETED_DEVICE_FAMILY = "1,2";
				VALIDATE_PRODUCT = YES;
			};
			name = Release;
		};
		69A7E7F81E03C1B9009D5AF8 /* Debug */ = {
			isa = XCBuildConfiguration;
			buildSettings = {
				ASSETCATALOG_COMPILER_APPICON_NAME = AppIcon;
				INFOPLIST_FILE = NoConnection/Info.plist;
				LD_RUNPATH_SEARCH_PATHS = "$(inherited) @executable_path/Frameworks";
				PRODUCT_BUNDLE_IDENTIFIER = com.ajaysinghthakur.NoConnection;
				PRODUCT_NAME = "$(TARGET_NAME)";
				SWIFT_VERSION = 3.0;
			};
			name = Debug;
		};
		69A7E7F91E03C1B9009D5AF8 /* Release */ = {
			isa = XCBuildConfiguration;
			buildSettings = {
				ASSETCATALOG_COMPILER_APPICON_NAME = AppIcon;
				INFOPLIST_FILE = NoConnection/Info.plist;
				LD_RUNPATH_SEARCH_PATHS = "$(inherited) @executable_path/Frameworks";
				PRODUCT_BUNDLE_IDENTIFIER = com.ajaysinghthakur.NoConnection;
				PRODUCT_NAME = "$(TARGET_NAME)";
				SWIFT_VERSION = 3.0;
			};
			name = Release;
		};
		69A7E7FB1E03C1B9009D5AF8 /* Debug */ = {
			isa = XCBuildConfiguration;
			buildSettings = {
				ALWAYS_EMBED_SWIFT_STANDARD_LIBRARIES = YES;
				BUNDLE_LOADER = "$(TEST_HOST)";
				INFOPLIST_FILE = NoConnectionTests/Info.plist;
				LD_RUNPATH_SEARCH_PATHS = "$(inherited) @executable_path/Frameworks @loader_path/Frameworks";
				PRODUCT_BUNDLE_IDENTIFIER = com.ajaysinghthakur.NoConnectionTests;
				PRODUCT_NAME = "$(TARGET_NAME)";
				SWIFT_VERSION = 3.0;
				TEST_HOST = "$(BUILT_PRODUCTS_DIR)/NoConnection.app/NoConnection";
			};
			name = Debug;
		};
		69A7E7FC1E03C1B9009D5AF8 /* Release */ = {
			isa = XCBuildConfiguration;
			buildSettings = {
				ALWAYS_EMBED_SWIFT_STANDARD_LIBRARIES = YES;
				BUNDLE_LOADER = "$(TEST_HOST)";
				INFOPLIST_FILE = NoConnectionTests/Info.plist;
				LD_RUNPATH_SEARCH_PATHS = "$(inherited) @executable_path/Frameworks @loader_path/Frameworks";
				PRODUCT_BUNDLE_IDENTIFIER = com.ajaysinghthakur.NoConnectionTests;
				PRODUCT_NAME = "$(TARGET_NAME)";
				SWIFT_VERSION = 3.0;
				TEST_HOST = "$(BUILT_PRODUCTS_DIR)/NoConnection.app/NoConnection";
			};
			name = Release;
		};
		69A7E7FE1E03C1B9009D5AF8 /* Debug */ = {
			isa = XCBuildConfiguration;
			buildSettings = {
				ALWAYS_EMBED_SWIFT_STANDARD_LIBRARIES = YES;
				INFOPLIST_FILE = NoConnectionUITests/Info.plist;
				LD_RUNPATH_SEARCH_PATHS = "$(inherited) @executable_path/Frameworks @loader_path/Frameworks";
				PRODUCT_BUNDLE_IDENTIFIER = com.ajaysinghthakur.NoConnectionUITests;
				PRODUCT_NAME = "$(TARGET_NAME)";
				SWIFT_VERSION = 3.0;
				TEST_TARGET_NAME = NoConnection;
			};
			name = Debug;
		};
		69A7E7FF1E03C1B9009D5AF8 /* Release */ = {
			isa = XCBuildConfiguration;
			buildSettings = {
				ALWAYS_EMBED_SWIFT_STANDARD_LIBRARIES = YES;
				INFOPLIST_FILE = NoConnectionUITests/Info.plist;
				LD_RUNPATH_SEARCH_PATHS = "$(inherited) @executable_path/Frameworks @loader_path/Frameworks";
				PRODUCT_BUNDLE_IDENTIFIER = com.ajaysinghthakur.NoConnectionUITests;
				PRODUCT_NAME = "$(TARGET_NAME)";
				SWIFT_VERSION = 3.0;
				TEST_TARGET_NAME = NoConnection;
			};
			name = Release;
		};
/* End XCBuildConfiguration section */

/* Begin XCConfigurationList section */
		69A7E7CA1E03C1B9009D5AF8 /* Build configuration list for PBXProject "NoConnection" */ = {
			isa = XCConfigurationList;
			buildConfigurations = (
				69A7E7F51E03C1B9009D5AF8 /* Debug */,
				69A7E7F61E03C1B9009D5AF8 /* Release */,
			);
			defaultConfigurationIsVisible = 0;
			defaultConfigurationName = Release;
		};
		69A7E7F71E03C1B9009D5AF8 /* Build configuration list for PBXNativeTarget "NoConnection" */ = {
			isa = XCConfigurationList;
			buildConfigurations = (
				69A7E7F81E03C1B9009D5AF8 /* Debug */,
				69A7E7F91E03C1B9009D5AF8 /* Release */,
			);
			defaultConfigurationIsVisible = 0;
			defaultConfigurationName = Release;
		};
		69A7E7FA1E03C1B9009D5AF8 /* Build configuration list for PBXNativeTarget "NoConnectionTests" */ = {
			isa = XCConfigurationList;
			buildConfigurations = (
				69A7E7FB1E03C1B9009D5AF8 /* Debug */,
				69A7E7FC1E03C1B9009D5AF8 /* Release */,
			);
			defaultConfigurationIsVisible = 0;
			defaultConfigurationName = Release;
		};
		69A7E7FD1E03C1B9009D5AF8 /* Build configuration list for PBXNativeTarget "NoConnectionUITests" */ = {
			isa = XCConfigurationList;
			buildConfigurations = (
				69A7E7FE1E03C1B9009D5AF8 /* Debug */,
				69A7E7FF1E03C1B9009D5AF8 /* Release */,
			);
			defaultConfigurationIsVisible = 0;
			defaultConfigurationName = Release;
		};
/* End XCConfigurationList section */
	};
	rootObject = 69A7E7C71E03C1B9009D5AF8 /* Project object */;
}
